
Microsoft Visual Studio Solution File, Format Version 12.00
# Visual Studio 2015
Project("{FAE04EC0-301F-11D3-BF4B-00C04F79EFBC}") = "LegoVr.CSharp", "LegoVr.CSharp.csproj", "{4704149A-02C5-B2AC-D0A6-6A897C2F05D7}"
EndProject
Project("{FAE04EC0-301F-11D3-BF4B-00C04F79EFBC}") = "LegoVr.CSharp.Editor", "LegoVr.CSharp.Editor.csproj", "{A69D4DB6-19F2-D1CF-A5E8-DA7C004776C5}"
EndProject
Global
	GlobalSection(SolutionConfigurationPlatforms) = preSolution
		Debug|Any CPU = Debug|Any CPU
		Release|Any CPU = Release|Any CPU
	EndGlobalSection
	GlobalSection(ProjectConfigurationPlatforms) = postSolution
		{4704149A-02C5-B2AC-D0A6-6A897C2F05D7}.Debug|Any CPU.ActiveCfg = Debug|Any CPU
		{4704149A-02C5-B2AC-D0A6-6A897C2F05D7}.Debug|Any CPU.Build.0 = Debug|Any CPU
		{4704149A-02C5-B2AC-D0A6-6A897C2F05D7}.Release|Any CPU.ActiveCfg = Release|Any CPU
		{4704149A-02C5-B2AC-D0A6-6A897C2F05D7}.Release|Any CPU.Build.0 = Release|Any CPU
		{A69D4DB6-19F2-D1CF-A5E8-DA7C004776C5}.Debug|Any CPU.ActiveCfg = Debug|Any CPU
		{A69D4DB6-19F2-D1CF-A5E8-DA7C004776C5}.Debug|Any CPU.Build.0 = Debug|Any CPU
		{A69D4DB6-19F2-D1CF-A5E8-DA7C004776C5}.Release|Any CPU.ActiveCfg = Release|Any CPU
		{A69D4DB6-19F2-D1CF-A5E8-DA7C004776C5}.Release|Any CPU.Build.0 = Release|Any CPU
	EndGlobalSection
	GlobalSection(SolutionProperties) = preSolution
		HideSolutionNode = FALSE
	EndGlobalSection
EndGlobal
